
Microsoft Visual Studio Solution File, Format Version 12.00
# Visual Studio Version 17
VisualStudioVersion = 17.0.31903.59
MinimumVisualStudioVersion = 10.0.40219.1
Project("{2150E333-8FDC-42A3-9474-1A3956D46DE8}") = "src", "src", "{827E0CD3-B72D-47B6-A68D-7590B98EB39B}"
EndProject
Project("{FAE04EC0-301F-11D3-BF4B-00C04F79EFBC}") = "R3.Desktop", "src\R3.Desktop\R3.Desktop.csproj", "{6614746E-8B41-4126-8C6C-AC0F590C247C}"
EndProject
Project("{FAE04EC0-301F-11D3-BF4B-00C04F79EFBC}") = "R3.Domain", "src\R3.Domain\R3.Domain.csproj", "{5AA46C59-3FE3-4246-963E-6F7FFA36B940}"
EndProject
Project("{FAE04EC0-301F-11D3-BF4B-00C04F79EFBC}") = "R3.Application", "src\R3.Application\R3.Application.csproj", "{B8563C04-03EF-4EA9-A986-8FB131F7E525}"
EndProject
Project("{FAE04EC0-301F-11D3-BF4B-00C04F79EFBC}") = "R3.Infrastructure", "src\R3.Infrastructure\R3.Infrastructure.csproj", "{CCA8247B-74B1-456C-978A-F34D8F90267D}"
EndProject
Project("{2150E333-8FDC-42A3-9474-1A3956D46DE8}") = "tests", "tests", "{0AB3BF05-4346-4AA6-1389-037BE0695223}"
EndProject
Project("{FAE04EC0-301F-11D3-BF4B-00C04F79EFBC}") = "R3.UnitTests", "tests\R3.UnitTests\R3.UnitTests.csproj", "{BD0307BF-03C1-42A9-8D4E-7461690B87EF}"
EndProject
Global
	GlobalSection(SolutionConfigurationPlatforms) = preSolution
		Debug|Any CPU = Debug|Any CPU
		Debug|x64 = Debug|x64
		Debug|x86 = Debug|x86
		Release|Any CPU = Release|Any CPU
		Release|x64 = Release|x64
		Release|x86 = Release|x86
	EndGlobalSection
	GlobalSection(ProjectConfigurationPlatforms) = postSolution
		{6614746E-8B41-4126-8C6C-AC0F590C247C}.Debug|Any CPU.ActiveCfg = Debug|Any CPU
		{6614746E-8B41-4126-8C6C-AC0F590C247C}.Debug|Any CPU.Build.0 = Debug|Any CPU
		{6614746E-8B41-4126-8C6C-AC0F590C247C}.Debug|x64.ActiveCfg = Debug|Any CPU
		{6614746E-8B41-4126-8C6C-AC0F590C247C}.Debug|x64.Build.0 = Debug|Any CPU
		{6614746E-8B41-4126-8C6C-AC0F590C247C}.Debug|x86.ActiveCfg = Debug|Any CPU
		{6614746E-8B41-4126-8C6C-AC0F590C247C}.Debug|x86.Build.0 = Debug|Any CPU
		{6614746E-8B41-4126-8C6C-AC0F590C247C}.Release|Any CPU.ActiveCfg = Release|Any CPU
		{6614746E-8B41-4126-8C6C-AC0F590C247C}.Release|Any CPU.Build.0 = Release|Any CPU
		{6614746E-8B41-4126-8C6C-AC0F590C247C}.Release|x64.ActiveCfg = Release|Any CPU
		{6614746E-8B41-4126-8C6C-AC0F590C247C}.Release|x64.Build.0 = Release|Any CPU
		{6614746E-8B41-4126-8C6C-AC0F590C247C}.Release|x86.ActiveCfg = Release|Any CPU
		{6614746E-8B41-4126-8C6C-AC0F590C247C}.Release|x86.Build.0 = Release|Any CPU
		{5AA46C59-3FE3-4246-963E-6F7FFA36B940}.Debug|Any CPU.ActiveCfg = Debug|Any CPU
		{5AA46C59-3FE3-4246-963E-6F7FFA36B940}.Debug|Any CPU.Build.0 = Debug|Any CPU
		{5AA46C59-3FE3-4246-963E-6F7FFA36B940}.Debug|x64.ActiveCfg = Debug|Any CPU
		{5AA46C59-3FE3-4246-963E-6F7FFA36B940}.Debug|x64.Build.0 = Debug|Any CPU
		{5AA46C59-3FE3-4246-963E-6F7FFA36B940}.Debug|x86.ActiveCfg = Debug|Any CPU
		{5AA46C59-3FE3-4246-963E-6F7FFA36B940}.Debug|x86.Build.0 = Debug|Any CPU
		{5AA46C59-3FE3-4246-963E-6F7FFA36B940}.Release|Any CPU.ActiveCfg = Release|Any CPU
		{5AA46C59-3FE3-4246-963E-6F7FFA36B940}.Release|Any CPU.Build.0 = Release|Any CPU
		{5AA46C59-3FE3-4246-963E-6F7FFA36B940}.Release|x64.ActiveCfg = Release|Any CPU
		{5AA46C59-3FE3-4246-963E-6F7FFA36B940}.Release|x64.Build.0 = Release|Any CPU
		{5AA46C59-3FE3-4246-963E-6F7FFA36B940}.Release|x86.ActiveCfg = Release|Any CPU
		{5AA46C59-3FE3-4246-963E-6F7FFA36B940}.Release|x86.Build.0 = Release|Any CPU
		{B8563C04-03EF-4EA9-A986-8FB131F7E525}.Debug|Any CPU.ActiveCfg = Debug|Any CPU
		{B8563C04-03EF-4EA9-A986-8FB131F7E525}.Debug|Any CPU.Build.0 = Debug|Any CPU
		{B8563C04-03EF-4EA9-A986-8FB131F7E525}.Debug|x64.ActiveCfg = Debug|Any CPU
		{B8563C04-03EF-4EA9-A986-8FB131F7E525}.Debug|x64.Build.0 = Debug|Any CPU
		{B8563C04-03EF-4EA9-A986-8FB131F7E525}.Debug|x86.ActiveCfg = Debug|Any CPU
		{B8563C04-03EF-4EA9-A986-8FB131F7E525}.Debug|x86.Build.0 = Debug|Any CPU
		{B8563C04-03EF-4EA9-A986-8FB131F7E525}.Release|Any CPU.ActiveCfg = Release|Any CPU
		{B8563C04-03EF-4EA9-A986-8FB131F7E525}.Release|Any CPU.Build.0 = Release|Any CPU
		{B8563C04-03EF-4EA9-A986-8FB131F7E525}.Release|x64.ActiveCfg = Release|Any CPU
		{B8563C04-03EF-4EA9-A986-8FB131F7E525}.Release|x64.Build.0 = Release|Any CPU
		{B8563C04-03EF-4EA9-A986-8FB131F7E525}.Release|x86.ActiveCfg = Release|Any CPU
		{B8563C04-03EF-4EA9-A986-8FB131F7E525}.Release|x86.Build.0 = Release|Any CPU
		{CCA8247B-74B1-456C-978A-F34D8F90267D}.Debug|Any CPU.ActiveCfg = Debug|Any CPU
		{CCA8247B-74B1-456C-978A-F34D8F90267D}.Debug|Any CPU.Build.0 = Debug|Any CPU
		{CCA8247B-74B1-456C-978A-F34D8F90267D}.Debug|x64.ActiveCfg = Debug|Any CPU
		{CCA8247B-74B1-456C-978A-F34D8F90267D}.Debug|x64.Build.0 = Debug|Any CPU
		{CCA8247B-74B1-456C-978A-F34D8F90267D}.Debug|x86.ActiveCfg = Debug|Any CPU
		{CCA8247B-74B1-456C-978A-F34D8F90267D}.Debug|x86.Build.0 = Debug|Any CPU
		{CCA8247B-74B1-456C-978A-F34D8F90267D}.Release|Any CPU.ActiveCfg = Release|Any CPU
		{CCA8247B-74B1-456C-978A-F34D8F90267D}.Release|Any CPU.Build.0 = Release|Any CPU
		{CCA8247B-74B1-456C-978A-F34D8F90267D}.Release|x64.ActiveCfg = Release|Any CPU
		{CCA8247B-74B1-456C-978A-F34D8F90267D}.Release|x64.Build.0 = Release|Any CPU
		{CCA8247B-74B1-456C-978A-F34D8F90267D}.Release|x86.ActiveCfg = Release|Any CPU
		{CCA8247B-74B1-456C-978A-F34D8F90267D}.Release|x86.Build.0 = Release|Any CPU
		{BD0307BF-03C1-42A9-8D4E-7461690B87EF}.Debug|Any CPU.ActiveCfg = Debug|Any CPU
		{BD0307BF-03C1-42A9-8D4E-7461690B87EF}.Debug|Any CPU.Build.0 = Debug|Any CPU
		{BD0307BF-03C1-42A9-8D4E-7461690B87EF}.Debug|x64.ActiveCfg = Debug|Any CPU
		{BD0307BF-03C1-42A9-8D4E-7461690B87EF}.Debug|x64.Build.0 = Debug|Any CPU
		{BD0307BF-03C1-42A9-8D4E-7461690B87EF}.Debug|x86.ActiveCfg = Debug|Any CPU
		{BD0307BF-03C1-42A9-8D4E-7461690B87EF}.Debug|x86.Build.0 = Debug|Any CPU
		{BD0307BF-03C1-42A9-8D4E-7461690B87EF}.Release|Any CPU.ActiveCfg = Release|Any CPU
		{BD0307BF-03C1-42A9-8D4E-7461690B87EF}.Release|Any CPU.Build.0 = Release|Any CPU
		{BD0307BF-03C1-42A9-8D4E-7461690B87EF}.Release|x64.ActiveCfg = Release|Any CPU
		{BD0307BF-03C1-42A9-8D4E-7461690B87EF}.Release|x64.Build.0 = Release|Any CPU
		{BD0307BF-03C1-42A9-8D4E-7461690B87EF}.Release|x86.ActiveCfg = Release|Any CPU
		{BD0307BF-03C1-42A9-8D4E-7461690B87EF}.Release|x86.Build.0 = Release|Any CPU
	EndGlobalSection
	GlobalSection(SolutionProperties) = preSolution
		HideSolutionNode = FALSE
	EndGlobalSection
	GlobalSection(NestedProjects) = preSolution
		{6614746E-8B41-4126-8C6C-AC0F590C247C} = {827E0CD3-B72D-47B6-A68D-7590B98EB39B}
		{5AA46C59-3FE3-4246-963E-6F7FFA36B940} = {827E0CD3-B72D-47B6-A68D-7590B98EB39B}
		{B8563C04-03EF-4EA9-A986-8FB131F7E525} = {827E0CD3-B72D-47B6-A68D-7590B98EB39B}
		{CCA8247B-74B1-456C-978A-F34D8F90267D} = {827E0CD3-B72D-47B6-A68D-7590B98EB39B}
		{BD0307BF-03C1-42A9-8D4E-7461690B87EF} = {0AB3BF05-4346-4AA6-1389-037BE0695223}
	EndGlobalSection
EndGlobal
